
Microsoft Visual Studio Solution File, Format Version 12.00
# Visual Studio 15
VisualStudioVersion = 15.0.27004.2008
MinimumVisualStudioVersion = 10.0.40219.1
Project("{FAE04EC0-301F-11D3-BF4B-00C04F79EFBC}") = "AsyncList", "AsyncList\AsyncList.csproj", "{1A97837F-FD75-432C-8AB1-238D41B93B5C}"
EndProject
Global
	GlobalSection(SolutionConfigurationPlatforms) = preSolution
		Debug|Any CPU = Debug|Any CPU
		Release|Any CPU = Release|Any CPU
	EndGlobalSection
	GlobalSection(ProjectConfigurationPlatforms) = postSolution
		{1A97837F-FD75-432C-8AB1-238D41B93B5C}.Debug|Any CPU.ActiveCfg = Debug|Any CPU
		{1A97837F-FD75-432C-8AB1-238D41B93B5C}.Debug|Any CPU.Build.0 = Debug|Any CPU
		{1A97837F-FD75-432C-8AB1-238D41B93B5C}.Release|Any CPU.ActiveCfg = Release|Any CPU
		{1A97837F-FD75-432C-8AB1-238D41B93B5C}.Release|Any CPU.Build.0 = Release|Any CPU
	EndGlobalSection
	GlobalSection(SolutionProperties) = preSolution
		HideSolutionNode = FALSE
	EndGlobalSection
	GlobalSection(ExtensibilityGlobals) = postSolution
		SolutionGuid = {F756586B-51A1-4F90-BAA6-FA0A0C61F866}
	EndGlobalSection
EndGlobal
